
Microsoft Visual Studio Solution File, Format Version 12.00
# Visual Studio Version 17
VisualStudioVersion = 17.14.36429.23 d17.14
MinimumVisualStudioVersion = 10.0.40219.1
Project("{FAE04EC0-301F-11D3-BF4B-00C04F79EFBC}") = "WorkerServiceExampleKafkaConsumer", "WorkerServiceExampleKafkaConsumer\WorkerServiceExampleKafkaConsumer.csproj", "{6AC59EB1-7CD0-4FCF-A6F5-CC586B0BB376}"
EndProject
Global
	GlobalSection(SolutionConfigurationPlatforms) = preSolution
		Debug|Any CPU = Debug|Any CPU
		Release|Any CPU = Release|Any CPU
	EndGlobalSection
	GlobalSection(ProjectConfigurationPlatforms) = postSolution
		{6AC59EB1-7CD0-4FCF-A6F5-CC586B0BB376}.Debug|Any CPU.ActiveCfg = Debug|Any CPU
		{6AC59EB1-7CD0-4FCF-A6F5-CC586B0BB376}.Debug|Any CPU.Build.0 = Debug|Any CPU
		{6AC59EB1-7CD0-4FCF-A6F5-CC586B0BB376}.Release|Any CPU.ActiveCfg = Release|Any CPU
		{6AC59EB1-7CD0-4FCF-A6F5-CC586B0BB376}.Release|Any CPU.Build.0 = Release|Any CPU
	EndGlobalSection
	GlobalSection(SolutionProperties) = preSolution
		HideSolutionNode = FALSE
	EndGlobalSection
	GlobalSection(ExtensibilityGlobals) = postSolution
		SolutionGuid = {E551ACEC-DB02-4874-9E31-04C1615FBE99}
	EndGlobalSection
EndGlobal
